
Microsoft Visual Studio Solution File, Format Version 12.00
Project("{FAE04EC0-301F-11D3-BF4B-00C04F79EFBC}") = "ExampleModule", "ExampleModule\ExampleModule.csproj", "{C77171F2-EB5B-4DE3-A9AF-E16922FA8A70}"
EndProject
Global
	GlobalSection(SolutionConfigurationPlatforms) = preSolution
		Debug|Any CPU = Debug|Any CPU
		Release|Any CPU = Release|Any CPU
	EndGlobalSection
	GlobalSection(ProjectConfigurationPlatforms) = postSolution
		{C77171F2-EB5B-4DE3-A9AF-E16922FA8A70}.Debug|Any CPU.ActiveCfg = Debug|Any CPU
		{C77171F2-EB5B-4DE3-A9AF-E16922FA8A70}.Debug|Any CPU.Build.0 = Debug|Any CPU
		{C77171F2-EB5B-4DE3-A9AF-E16922FA8A70}.Release|Any CPU.ActiveCfg = Release|Any CPU
		{C77171F2-EB5B-4DE3-A9AF-E16922FA8A70}.Release|Any CPU.Build.0 = Release|Any CPU
	EndGlobalSection
EndGlobal
